
Microsoft Visual Studio Solution File, Format Version 12.00
# Visual Studio Version 17
VisualStudioVersion = 17.5.002.0
MinimumVisualStudioVersion = 10.0.40219.1
Project("{9A19103F-16F7-4668-BE54-9A1E7A4F7556}") = "madebyluque", "madebyluque.csproj", "{72F8A4D2-BBF2-4F72-813B-F029EBB9E3F0}"
EndProject
Global
	GlobalSection(SolutionConfigurationPlatforms) = preSolution
		Debug|Any CPU = Debug|Any CPU
		Release|Any CPU = Release|Any CPU
	EndGlobalSection
	GlobalSection(ProjectConfigurationPlatforms) = postSolution
		{72F8A4D2-BBF2-4F72-813B-F029EBB9E3F0}.Debug|Any CPU.ActiveCfg = Debug|Any CPU
		{72F8A4D2-BBF2-4F72-813B-F029EBB9E3F0}.Debug|Any CPU.Build.0 = Debug|Any CPU
		{72F8A4D2-BBF2-4F72-813B-F029EBB9E3F0}.Release|Any CPU.ActiveCfg = Release|Any CPU
		{72F8A4D2-BBF2-4F72-813B-F029EBB9E3F0}.Release|Any CPU.Build.0 = Release|Any CPU
	EndGlobalSection
	GlobalSection(SolutionProperties) = preSolution
		HideSolutionNode = FALSE
	EndGlobalSection
	GlobalSection(ExtensibilityGlobals) = postSolution
		SolutionGuid = {29A6499C-5097-4184-839D-3BC0938E7EE3}
	EndGlobalSection
EndGlobal
